
Microsoft Visual Studio Solution File, Format Version 12.00
# Visual Studio Version 17
VisualStudioVersion = 17.14.36623.8 d17.14
MinimumVisualStudioVersion = 10.0.40219.1
Project("{FAE04EC0-301F-11D3-BF4B-00C04F79EFBC}") = "Automated Test Crowdfunding", "Automated Test Crowdfunding.csproj", "{AD3BCA6E-56B1-4A78-8A2D-54A5231C28E3}"
EndProject
Global
	GlobalSection(SolutionConfigurationPlatforms) = preSolution
		Debug|Any CPU = Debug|Any CPU
		Release|Any CPU = Release|Any CPU
	EndGlobalSection
	GlobalSection(ProjectConfigurationPlatforms) = postSolution
		{AD3BCA6E-56B1-4A78-8A2D-54A5231C28E3}.Debug|Any CPU.ActiveCfg = Debug|Any CPU
		{AD3BCA6E-56B1-4A78-8A2D-54A5231C28E3}.Debug|Any CPU.Build.0 = Debug|Any CPU
		{AD3BCA6E-56B1-4A78-8A2D-54A5231C28E3}.Release|Any CPU.ActiveCfg = Release|Any CPU
		{AD3BCA6E-56B1-4A78-8A2D-54A5231C28E3}.Release|Any CPU.Build.0 = Release|Any CPU
	EndGlobalSection
	GlobalSection(SolutionProperties) = preSolution
		HideSolutionNode = FALSE
	EndGlobalSection
	GlobalSection(ExtensibilityGlobals) = postSolution
		SolutionGuid = {2EE7B47B-CBBF-4882-A7EE-EAAAD2FB21FE}
	EndGlobalSection
EndGlobal
